{
    "format_version": "1.1",
    "terraform_version": "1.4.3-dev",
    "variables": {
        "simple_var": {
            "value": "value"
        }
    },
    "planned_values": {
        "outputs": {
            "bucket": {
                "sensitive": false
            }
        },
        "root_module": {
            "resources": [
                {
                    "address": "aws_s3_bucket.default",
                    "mode": "managed",
                    "type": "aws_s3_bucket",
                    "name": "default",
                    "provider_name": "registry.terraform.io/hashicorp/aws",
                    "schema_version": 0,
                    "values": {
                        "bucket": "my-test-bucket",
                        "force_destroy": false,
                        "tags": null,
                        "timeouts": null
                    },
                    "sensitive_values": {
                        "cors_rule": [],
                        "grant": [],
                        "lifecycle_rule": [],
                        "logging": [],
                        "object_lock_configuration": [],
                        "replication_configuration": [],
                        "server_side_encryption_configuration": [],
                        "tags_all": {},
                        "versioning": [],
                        "website": []
                    }
                },
                {
                    "address": "aws_s3_object.obj",
                    "mode": "managed",
                    "type": "aws_s3_object",
                    "name": "obj",
                    "provider_name": "registry.terraform.io/hashicorp/aws",
                    "schema_version": 0,
                    "values": {
                        "acl": "private",
                        "cache_control": null,
                        "content": null,
                        "content_base64": null,
                        "content_disposition": null,
                        "content_encoding": null,
                        "content_language": null,
                        "force_destroy": false,
                        "key": "a/magic/object/key",
                        "metadata": null,
                        "object_lock_legal_hold_status": null,
                        "object_lock_mode": null,
                        "object_lock_retain_until_date": null,
                        "source": "./outputs.tf",
                        "source_hash": null,
                        "tags": null,
                        "website_redirect": null
                    },
                    "sensitive_values": {
                        "tags_all": {}
                    }
                }
            ]
        }
    },
    "resource_changes": [
        {
            "address": "aws_s3_bucket.default",
            "mode": "managed",
            "type": "aws_s3_bucket",
            "name": "default",
            "provider_name": "registry.terraform.io/hashicorp/aws",
            "change": {
                "actions": [
                    "create"
                ],
                "before": null,
                "after": {
                    "bucket": "my-test-bucket",
                    "force_destroy": false,
                    "tags": null,
                    "timeouts": null
                },
                "after_unknown": {
                    "acceleration_status": true,
                    "acl": true,
                    "arn": true,
                    "bucket_domain_name": true,
                    "bucket_prefix": true,
                    "bucket_regional_domain_name": true,
                    "cors_rule": true,
                    "grant": true,
                    "hosted_zone_id": true,
                    "id": true,
                    "lifecycle_rule": true,
                    "logging": true,
                    "object_lock_configuration": true,
                    "object_lock_enabled": true,
                    "policy": true,
                    "region": true,
                    "replication_configuration": true,
                    "request_payer": true,
                    "server_side_encryption_configuration": true,
                    "tags_all": true,
                    "versioning": true,
                    "website": true,
                    "website_domain": true,
                    "website_endpoint": true
                },
                "before_sensitive": false,
                "after_sensitive": {
                    "cors_rule": [],
                    "grant": [],
                    "lifecycle_rule": [],
                    "logging": [],
                    "object_lock_configuration": [],
                    "replication_configuration": [],
                    "server_side_encryption_configuration": [],
                    "tags_all": {},
                    "versioning": [],
                    "website": []
                }
            }
        },
        {
            "address": "aws_s3_object.obj",
            "mode": "managed",
            "type": "aws_s3_object",
            "name": "obj",
            "provider_name": "registry.terraform.io/hashicorp/aws",
            "change": {
                "actions": [
                    "create"
                ],
                "before": null,
                "after": {
                    "acl": "private",
                    "cache_control": null,
                    "content": null,
                    "content_base64": null,
                    "content_disposition": null,
                    "content_encoding": null,
                    "content_language": null,
                    "force_destroy": false,
                    "key": "a/magic/object/key",
                    "metadata": null,
                    "object_lock_legal_hold_status": null,
                    "object_lock_mode": null,
                    "object_lock_retain_until_date": null,
                    "source": "./outputs.tf",
                    "source_hash": null,
                    "tags": null,
                    "website_redirect": null
                },
                "after_unknown": {
                    "bucket": true,
                    "bucket_key_enabled": true,
                    "content_type": true,
                    "etag": true,
                    "id": true,
                    "kms_key_id": true,
                    "server_side_encryption": true,
                    "storage_class": true,
                    "tags_all": true,
                    "version_id": true
                },
                "before_sensitive": false,
                "after_sensitive": {
                    "tags_all": {}
                }
            }
        }
    ],
    "output_changes": {
        "bucket": {
            "actions": [
                "create"
            ],
            "before": null,
            "after_unknown": true,
            "before_sensitive": false,
            "after_sensitive": false
        }
    },
    "configuration": {
        "provider_config": {
            "aws": {
                "name": "aws",
                "full_name": "registry.terraform.io/hashicorp/aws",
                "expressions": {
                    "region": {
                        "constant_value": "us-east-1"
                    }
                }
            }
        },
        "root_module": {
            "outputs": {
                "bucket": {
                    "expression": {
                        "references": [
                            "aws_s3_bucket.default.id",
                            "aws_s3_bucket.default"
                        ]
                    }
                }
            },
            "resources": [
                {
                    "address": "aws_s3_bucket.default",
                    "mode": "managed",
                    "type": "aws_s3_bucket",
                    "name": "default",
                    "provider_config_key": "aws",
                    "expressions": {
                        "bucket": {
                            "constant_value": "my-test-bucket"
                        }
                    },
                    "schema_version": 0
                },
                {
                    "address": "aws_s3_object.obj",
                    "mode": "managed",
                    "type": "aws_s3_object",
                    "name": "obj",
                    "provider_config_key": "aws",
                    "expressions": {
                        "bucket": {
                            "references": [
                                "aws_s3_bucket.default.id",
                                "aws_s3_bucket.default"
                            ]
                        },
                        "key": {
                            "constant_value": "a/magic/object/key"
                        },
                        "source": {
                            "references": [
                                "path.module"
                            ]
                        }
                    },
                    "schema_version": 0
                }
            ],
            "variables": {
                "simple_var": {
                    "default": "value",
                    "description": "just a simple variable"
                }
            }
        }
    },
    "relevant_attributes": [
        {
            "resource": "aws_s3_bucket.default",
            "attribute": [
                "id"
            ]
        }
    ]
}